{
  "requires": true,
  "lockfileVersion": 1,
  "dependencies": {
    "bulma": {
      "version": "0.8.1",
      "resolved": "https://registry.npmjs.org/bulma/-/bulma-0.8.1.tgz",
      "integrity": "sha512-Afi2zv4DKmNSYfmx55V+Mtnt8+WfR8Rs65kWArmzEuWP7vNr7dSAEDI+ORZlgOR1gueNZwpKaPdUi4ZiTNwgPA=="
    },
    "bulmaswatch": {
      "version": "0.7.5",
      "resolved": "https://registry.npmjs.org/bulmaswatch/-/bulmaswatch-0.7.5.tgz",
      "integrity": "sha512-Rc9rSvMR6qqOXaVrKsE1y0lSwKtIClL505us/uwvPUkCRscJAezv46OoP/RlSOeGZWnmFk9Ea10vhZ0Qn4srIg=="
    }
  }
}
